
Microsoft Visual Studio Solution File, Format Version 12.00
# Visual Studio Version 16
VisualStudioVersion = 16.0.29806.167
MinimumVisualStudioVersion = 10.0.40219.1
Project("{FAE04EC0-301F-11D3-BF4B-00C04F79EFBC}") = "NetCoreDataLocality", "NetCoreDataLocality\NetCoreDataLocality.csproj", "{07BA84E1-ED04-4315-9F86-45A6429A591A}"
EndProject
Global
	GlobalSection(SolutionConfigurationPlatforms) = preSolution
		Debug|Any CPU = Debug|Any CPU
		Debug|x64 = Debug|x64
		Debug|x86 = Debug|x86
		Release|Any CPU = Release|Any CPU
		Release|x64 = Release|x64
		Release|x86 = Release|x86
	EndGlobalSection
	GlobalSection(ProjectConfigurationPlatforms) = postSolution
		{07BA84E1-ED04-4315-9F86-45A6429A591A}.Debug|Any CPU.ActiveCfg = Debug|Any CPU
		{07BA84E1-ED04-4315-9F86-45A6429A591A}.Debug|Any CPU.Build.0 = Debug|Any CPU
		{07BA84E1-ED04-4315-9F86-45A6429A591A}.Debug|x64.ActiveCfg = Debug|Any CPU
		{07BA84E1-ED04-4315-9F86-45A6429A591A}.Debug|x64.Build.0 = Debug|Any CPU
		{07BA84E1-ED04-4315-9F86-45A6429A591A}.Debug|x86.ActiveCfg = Debug|Any CPU
		{07BA84E1-ED04-4315-9F86-45A6429A591A}.Debug|x86.Build.0 = Debug|Any CPU
		{07BA84E1-ED04-4315-9F86-45A6429A591A}.Release|Any CPU.ActiveCfg = Release|Any CPU
		{07BA84E1-ED04-4315-9F86-45A6429A591A}.Release|Any CPU.Build.0 = Release|Any CPU
		{07BA84E1-ED04-4315-9F86-45A6429A591A}.Release|x64.ActiveCfg = Release|Any CPU
		{07BA84E1-ED04-4315-9F86-45A6429A591A}.Release|x64.Build.0 = Release|Any CPU
		{07BA84E1-ED04-4315-9F86-45A6429A591A}.Release|x86.ActiveCfg = Release|Any CPU
		{07BA84E1-ED04-4315-9F86-45A6429A591A}.Release|x86.Build.0 = Release|Any CPU
	EndGlobalSection
	GlobalSection(SolutionProperties) = preSolution
		HideSolutionNode = FALSE
	EndGlobalSection
	GlobalSection(ExtensibilityGlobals) = postSolution
		SolutionGuid = {F1B6C4CA-189B-4FFD-960C-9AC81C75146A}
	EndGlobalSection
EndGlobal
